
Microsoft Visual Studio Solution File, Format Version 12.00
# Visual Studio Version 17
VisualStudioVersion = 17.2.32616.157
MinimumVisualStudioVersion = 10.0.40219.1
Project("{9A19103F-16F7-4668-BE54-9A1E7A4F7556}") = "UniversalLogistics", "UniversalLogistics\UniversalLogistics.csproj", "{033607D6-0C6C-4224-A543-F8018117952E}"
EndProject
Global
	GlobalSection(SolutionConfigurationPlatforms) = preSolution
		Debug|Any CPU = Debug|Any CPU
		Release|Any CPU = Release|Any CPU
	EndGlobalSection
	GlobalSection(ProjectConfigurationPlatforms) = postSolution
		{033607D6-0C6C-4224-A543-F8018117952E}.Debug|Any CPU.ActiveCfg = Debug|Any CPU
		{033607D6-0C6C-4224-A543-F8018117952E}.Debug|Any CPU.Build.0 = Debug|Any CPU
		{033607D6-0C6C-4224-A543-F8018117952E}.Release|Any CPU.ActiveCfg = Release|Any CPU
		{033607D6-0C6C-4224-A543-F8018117952E}.Release|Any CPU.Build.0 = Release|Any CPU
	EndGlobalSection
	GlobalSection(SolutionProperties) = preSolution
		HideSolutionNode = FALSE
	EndGlobalSection
	GlobalSection(ExtensibilityGlobals) = postSolution
		SolutionGuid = {EBBF599C-7F17-4DD0-8809-67EE9D23189E}
	EndGlobalSection
EndGlobal
